// !$*UTF8*$!
{
	archiveVersion = 1;
	classes = {
	};
	objectVersion = 46;
	objects = {

/* Begin PBXBuildFile section */
		3446340E1D33219400641E0B /* AppDelegate.swift in Sources */ = {isa = PBXBuildFile; fileRef = 3446340D1D33219400641E0B /* AppDelegate.swift */; };
		344634101D33219400641E0B /* ViewController.swift in Sources */ = {isa = PBXBuildFile; fileRef = 3446340F1D33219400641E0B /* ViewController.swift */; };
		344634131D33219400641E0B /* Main.storyboard in Resources */ = {isa = PBXBuildFile; fileRef = 344634111D33219400641E0B /* Main.storyboard */; };
		344634151D33219400641E0B /* Assets.xcassets in Resources */ = {isa = PBXBuildFile; fileRef = 344634141D33219400641E0B /* Assets.xcassets */; };
		344634181D33219400641E0B /* LaunchScreen.storyboard in Resources */ = {isa = PBXBuildFile; fileRef = 344634161D33219400641E0B /* LaunchScreen.storyboard */; };
		34FCF84F1D33226600F65526 /* Swift-Exercise-1 in Resources */ = {isa = PBXBuildFile; fileRef = 34FCF84E1D33226600F65526 /* Swift-Exercise-1 */; };
/* End PBXBuildFile section */

/* Begin PBXFileReference section */
		3432833A1D33E76900621E14 /* MyPlayground.playground */ = {isa = PBXFileReference; lastKnownFileType = file.playground; path = MyPlayground.playground; sourceTree = "<group>"; };
		3446340A1D33219400641E0B /* HoustoniOSJune2016-Swift.app */ = {isa = PBXFileReference; explicitFileType = wrapper.application; includeInIndex = 0; path = "HoustoniOSJune2016-Swift.app"; sourceTree = BUILT_PRODUCTS_DIR; };
		3446340D1D33219400641E0B /* AppDelegate.swift */ = {isa = PBXFileReference; lastKnownFileType = sourcecode.swift; path = AppDelegate.swift; sourceTree = "<group>"; };
		3446340F1D33219400641E0B /* ViewController.swift */ = {isa = PBXFileReference; lastKnownFileType = sourcecode.swift; path = ViewController.swift; sourceTree = "<group>"; };
		344634121D33219400641E0B /* Base */ = {isa = PBXFileReference; lastKnownFileType = file.storyboard; name = Base; path = Base.lproj/Main.storyboard; sourceTree = "<group>"; };
		344634141D33219400641E0B /* Assets.xcassets */ = {isa = PBXFileReference; lastKnownFileType = folder.assetcatalog; path = Assets.xcassets; sourceTree = "<group>"; };
		344634171D33219400641E0B /* Base */ = {isa = PBXFileReference; lastKnownFileType = file.storyboard; name = Base; path = Base.lproj/LaunchScreen.storyboard; sourceTree = "<group>"; };
		344634191D33219400641E0B /* Info.plist */ = {isa = PBXFileReference; lastKnownFileType = text.plist.xml; path = Info.plist; sourceTree = "<group>"; };
		34FCF84E1D33226600F65526 /* Swift-Exercise-1 */ = {isa = PBXFileReference; fileEncoding = 4; lastKnownFileType = text; path = "Swift-Exercise-1"; sourceTree = "<group>"; };
/* End PBXFileReference section */

/* Begin PBXFrameworksBuildPhase section */
		344634071D33219400641E0B /* Frameworks */ = {
			isa = PBXFrameworksBuildPhase;
			buildActionMask = 2147483647;
			files = (
			);
			runOnlyForDeploymentPostprocessing = 0;
		};
/* End PBXFrameworksBuildPhase section */

/* Begin PBXGroup section */
		344634011D33219400641E0B = {
			isa = PBXGroup;
			children = (
				3446340C1D33219400641E0B /* HoustoniOSJune2016-Swift */,
				3446340B1D33219400641E0B /* Products */,
			);
			sourceTree = "<group>";
		};
		3446340B1D33219400641E0B /* Products */ = {
			isa = PBXGroup;
			children = (
				3446340A1D33219400641E0B /* HoustoniOSJune2016-Swift.app */,
			);
			name = Products;
			sourceTree = "<group>";
		};
		3446340C1D33219400641E0B /* HoustoniOSJune2016-Swift */ = {
			isa = PBXGroup;
			children = (
				34FCF84B1D3321B200F65526 /* Week 1 */,
				3446340D1D33219400641E0B /* AppDelegate.swift */,
				3446340F1D33219400641E0B /* ViewController.swift */,
				344634111D33219400641E0B /* Main.storyboard */,
				344634141D33219400641E0B /* Assets.xcassets */,
				344634161D33219400641E0B /* LaunchScreen.storyboard */,
				344634191D33219400641E0B /* Info.plist */,
			);
			path = "HoustoniOSJune2016-Swift";
			sourceTree = "<group>";
		};
		34FCF84B1D3321B200F65526 /* Week 1 */ = {
			isa = PBXGroup;
			children = (
				34FCF84D1D3321F600F65526 /* Playgrounds */,
			);
			name = "Week 1";
			sourceTree = "<group>";
		};
		34FCF84D1D3321F600F65526 /* Playgrounds */ = {
			isa = PBXGroup;
			children = (
				34FCF84E1D33226600F65526 /* Swift-Exercise-1 */,
				3432833A1D33E76900621E14 /* MyPlayground.playground */,
			);
			name = Playgrounds;
			sourceTree = "<group>";
		};
/* End PBXGroup section */

/* Begin PBXNativeTarget section */
		344634091D33219400641E0B /* HoustoniOSJune2016-Swift */ = {
			isa = PBXNativeTarget;
			buildConfigurationList = 3446341C1D33219400641E0B /* Build configuration list for PBXNativeTarget "HoustoniOSJune2016-Swift" */;
			buildPhases = (
				344634061D33219400641E0B /* Sources */,
				344634071D33219400641E0B /* Frameworks */,
				344634081D33219400641E0B /* Resources */,
			);
			buildRules = (
			);
			dependencies = (
			);
			name = "HoustoniOSJune2016-Swift";
			productName = "HoustoniOSJune2016-Swift";
			productReference = 3446340A1D33219400641E0B /* HoustoniOSJune2016-Swift.app */;
			productType = "com.apple.product-type.application";
		};
/* End PBXNativeTarget section */

/* Begin PBXProject section */
		344634021D33219400641E0B /* Project object */ = {
			isa = PBXProject;
			attributes = {
				LastSwiftUpdateCheck = 0730;
				LastUpgradeCheck = 0730;
				ORGANIZATIONNAME = "Mohammad Azam";
				TargetAttributes = {
					344634091D33219400641E0B = {
						CreatedOnToolsVersion = 7.3.1;
					};
				};
			};
			buildConfigurationList = 344634051D33219400641E0B /* Build configuration list for PBXProject "HoustoniOSJune2016-Swift" */;
			compatibilityVersion = "Xcode 3.2";
			developmentRegion = English;
			hasScannedForEncodings = 0;
			knownRegions = (
				en,
				Base,
			);
			mainGroup = 344634011D33219400641E0B;
			productRefGroup = 3446340B1D33219400641E0B /* Products */;
			projectDirPath = "";
			projectRoot = "";
			targets = (
				344634091D33219400641E0B /* HoustoniOSJune2016-Swift */,
			);
		};
/* End PBXProject section */

/* Begin PBXResourcesBuildPhase section */
		344634081D33219400641E0B /* Resources */ = {
			isa = PBXResourcesBuildPhase;
			buildActionMask = 2147483647;
			files = (
				34FCF84F1D33226600F65526 /* Swift-Exercise-1 in Resources */,
				344634181D33219400641E0B /* LaunchScreen.storyboard in Resources */,
				344634151D33219400641E0B /* Assets.xcassets in Resources */,
				344634131D33219400641E0B /* Main.storyboard in Resources */,
			);
			runOnlyForDeploymentPostprocessing = 0;
		};
/* End PBXResourcesBuildPhase section */

/* Begin PBXSourcesBuildPhase section */
		344634061D33219400641E0B /* Sources */ = {
			isa = PBXSourcesBuildPhase;
			buildActionMask = 2147483647;
			files = (
				344634101D33219400641E0B /* ViewController.swift in Sources */,
				3446340E1D33219400641E0B /* AppDelegate.swift in Sources */,
			);
			runOnlyForDeploymentPostprocessing = 0;
		};
/* End PBXSourcesBuildPhase section */

/* Begin PBXVariantGroup section */
		344634111D33219400641E0B /* Main.storyboard */ = {
			isa = PBXVariantGroup;
			children = (
				344634121D33219400641E0B /* Base */,
			);
			name = Main.storyboard;
			sourceTree = "<group>";
		};
		344634161D33219400641E0B /* LaunchScreen.storyboard */ = {
			isa = PBXVariantGroup;
			children = (
				344634171D33219400641E0B /* Base */,
			);
			name = LaunchScreen.storyboard;
			sourceTree = "<group>";
		};
/* End PBXVariantGroup section */

/* Begin XCBuildConfiguration section */
		3446341A1D33219400641E0B /* Debug */ = {
			isa = XCBuildConfiguration;
			buildSettings = {
				ALWAYS_SEARCH_USER_PATHS = NO;
				CLANG_ANALYZER_NONNULL = YES;
				CLANG_CXX_LANGUAGE_STANDARD = "gnu++0x";
				CLANG_CXX_LIBRARY = "libc++";
				CLANG_ENABLE_MODULES = YES;
				CLANG_ENABLE_OBJC_ARC = YES;
				CLANG_WARN_BOOL_CONVERSION = YES;
				CLANG_WARN_CONSTANT_CONVERSION = YES;
				CLANG_WARN_DIRECT_OBJC_ISA_USAGE = YES_ERROR;
				CLANG_WARN_EMPTY_BODY = YES;
				CLANG_WARN_ENUM_CONVERSION = YES;
				CLANG_WARN_INT_CONVERSION = YES;
				CLANG_WARN_OBJC_ROOT_CLASS = YES_ERROR;
				CLANG_WARN_UNREACHABLE_CODE = YES;
				CLANG_WARN__DUPLICATE_METHOD_MATCH = YES;
				"CODE_SIGN_IDENTITY[sdk=iphoneos*]" = "iPhone Developer";
				COPY_PHASE_STRIP = NO;
				DEBUG_INFORMATION_FORMAT = dwarf;
				ENABLE_STRICT_OBJC_MSGSEND = YES;
				ENABLE_TESTABILITY = YES;
				GCC_C_LANGUAGE_STANDARD = gnu99;
				GCC_DYNAMIC_NO_PIC = NO;
				GCC_NO_COMMON_BLOCKS = YES;
				GCC_OPTIMIZATION_LEVEL = 0;
				GCC_PREPROCESSOR_DEFINITIONS = (
					"DEBUG=1",
					"$(inherited)",
				);
				GCC_WARN_64_TO_32_BIT_CONVERSION = YES;
				GCC_WARN_ABOUT_RETURN_TYPE = YES_ERROR;
				GCC_WARN_UNDECLARED_SELECTOR = YES;
				GCC_WARN_UNINITIALIZED_AUTOS = YES_AGGRESSIVE;
				GCC_WARN_UNUSED_FUNCTION = YES;
				GCC_WARN_UNUSED_VARIABLE = YES;
				IPHONEOS_DEPLOYMENT_TARGET = 9.3;
				MTL_ENABLE_DEBUG_INFO = YES;
				ONLY_ACTIVE_ARCH = YES;
				SDKROOT = iphoneos;
				SWIFT_OPTIMIZATION_LEVEL = "-Onone";
				TARGETED_DEVICE_FAMILY = "1,2";
			};
			name = Debug;
		};
		3446341B1D33219400641E0B /* Release */ = {
			isa = XCBuildConfiguration;
			buildSettings = {
				ALWAYS_SEARCH_USER_PATHS = NO;
				CLANG_ANALYZER_NONNULL = YES;
				CLANG_CXX_LANGUAGE_STANDARD = "gnu++0x";
				CLANG_CXX_LIBRARY = "libc++";
				CLANG_ENABLE_MODULES = YES;
				CLANG_ENABLE_OBJC_ARC = YES;
				CLANG_WARN_BOOL_CONVERSION = YES;
				CLANG_WARN_CONSTANT_CONVERSION = YES;
				CLANG_WARN_DIRECT_OBJC_ISA_USAGE = YES_ERROR;
				CLANG_WARN_EMPTY_BODY = YES;
				CLANG_WARN_ENUM_CONVERSION = YES;
				CLANG_WARN_INT_CONVERSION = YES;
				CLANG_WARN_OBJC_ROOT_CLASS = YES_ERROR;
				CLANG_WARN_UNREACHABLE_CODE = YES;
				CLANG_WARN__DUPLICATE_METHOD_MATCH = YES;
				"CODE_SIGN_IDENTITY[sdk=iphoneos*]" = "iPhone Developer";
				COPY_PHASE_STRIP = NO;
				DEBUG_INFORMATION_FORMAT = "dwarf-with-dsym";
				ENABLE_NS_ASSERTIONS = NO;
				ENABLE_STRICT_OBJC_MSGSEND = YES;
				GCC_C_LANGUAGE_STANDARD = gnu99;
				GCC_NO_COMMON_BLOCKS = YES;
				GCC_WARN_64_TO_32_BIT_CONVERSION = YES;
				GCC_WARN_ABOUT_RETURN_TYPE = YES_ERROR;
				GCC_WARN_UNDECLARED_SELECTOR = YES;
				GCC_WARN_UNINITIALIZED_AUTOS = YES_AGGRESSIVE;
				GCC_WARN_UNUSED_FUNCTION = YES;
				GCC_WARN_UNUSED_VARIABLE = YES;
				IPHONEOS_DEPLOYMENT_TARGET = 9.3;
				MTL_ENABLE_DEBUG_INFO = NO;
				SDKROOT = iphoneos;
				TARGETED_DEVICE_FAMILY = "1,2";
				VALIDATE_PRODUCT = YES;
			};
			name = Release;
		};
		3446341D1D33219400641E0B /* Debug */ = {
			isa = XCBuildConfiguration;
			buildSettings = {
				ASSETCATALOG_COMPILER_APPICON_NAME = AppIcon;
				INFOPLIST_FILE = "HoustoniOSJune2016-Swift/Info.plist";
				LD_RUNPATH_SEARCH_PATHS = "$(inherited) @executable_path/Frameworks";
				PRODUCT_BUNDLE_IDENTIFIER = "com.azamsharp.HoustoniOSJune2016-Swift";
				PRODUCT_NAME = "$(TARGET_NAME)";
			};
			name = Debug;
		};
		3446341E1D33219400641E0B /* Release */ = {
			isa = XCBuildConfiguration;
			buildSettings = {
				ASSETCATALOG_COMPILER_APPICON_NAME = AppIcon;
				INFOPLIST_FILE = "HoustoniOSJune2016-Swift/Info.plist";
				LD_RUNPATH_SEARCH_PATHS = "$(inherited) @executable_path/Frameworks";
				PRODUCT_BUNDLE_IDENTIFIER = "com.azamsharp.HoustoniOSJune2016-Swift";
				PRODUCT_NAME = "$(TARGET_NAME)";
			};
			name = Release;
		};
/* End XCBuildConfiguration section */

/* Begin XCConfigurationList section */
		344634051D33219400641E0B /* Build configuration list for PBXProject "HoustoniOSJune2016-Swift" */ = {
			isa = XCConfigurationList;
			buildConfigurations = (
				3446341A1D33219400641E0B /* Debug */,
				3446341B1D33219400641E0B /* Release */,
			);
			defaultConfigurationIsVisible = 0;
			defaultConfigurationName = Release;
		};
		3446341C1D33219400641E0B /* Build configuration list for PBXNativeTarget "HoustoniOSJune2016-Swift" */ = {
			isa = XCConfigurationList;
			buildConfigurations = (
				3446341D1D33219400641E0B /* Debug */,
				3446341E1D33219400641E0B /* Release */,
			);
			defaultConfigurationIsVisible = 0;
			defaultConfigurationName = Release;
		};
/* End XCConfigurationList section */
	};
	rootObject = 344634021D33219400641E0B /* Project object */;
}
